
Microsoft Visual Studio Solution File, Format Version 12.00
# Visual Studio Version 17
VisualStudioVersion = 17.8.34330.188
MinimumVisualStudioVersion = 10.0.40219.1
Project("{9A19103F-16F7-4668-BE54-9A1E7A4F7556}") = "EmployeeLayerdApp.api", "EmployeeLayerdApp.api\EmployeeLayerdApp.api.csproj", "{288CC629-99D5-4D0A-ACFD-DDB301B20232}"
EndProject
Project("{9A19103F-16F7-4668-BE54-9A1E7A4F7556}") = "Employee.Data", "Employee.Data\Employee.Data.csproj", "{78A80D49-F849-4F6D-9B96-28CAC431C383}"
EndProject
Project("{9A19103F-16F7-4668-BE54-9A1E7A4F7556}") = "Employee.Repositroy", "Employee.Repositroy\Employee.Repositroy.csproj", "{54BE5689-EC3A-4CD7-BE6F-97342B77F186}"
EndProject
Project("{9A19103F-16F7-4668-BE54-9A1E7A4F7556}") = "Employee.Application", "Employee.Application\Employee.Application.csproj", "{38A0585C-346F-4CF0-9A5F-2B41D165CD6D}"
EndProject
Project("{FAE04EC0-301F-11D3-BF4B-00C04F79EFBC}") = "EmployeeLayerdApp.MVC", "EmployeeLayerdApp.MVC\EmployeeLayerdApp.MVC.csproj", "{0DBC2DFE-93FF-44C2-A567-5C985AD159B7}"
EndProject
Global
	GlobalSection(SolutionConfigurationPlatforms) = preSolution
		Debug|Any CPU = Debug|Any CPU
		Release|Any CPU = Release|Any CPU
	EndGlobalSection
	GlobalSection(ProjectConfigurationPlatforms) = postSolution
		{288CC629-99D5-4D0A-ACFD-DDB301B20232}.Debug|Any CPU.ActiveCfg = Debug|Any CPU
		{288CC629-99D5-4D0A-ACFD-DDB301B20232}.Debug|Any CPU.Build.0 = Debug|Any CPU
		{288CC629-99D5-4D0A-ACFD-DDB301B20232}.Release|Any CPU.ActiveCfg = Release|Any CPU
		{288CC629-99D5-4D0A-ACFD-DDB301B20232}.Release|Any CPU.Build.0 = Release|Any CPU
		{78A80D49-F849-4F6D-9B96-28CAC431C383}.Debug|Any CPU.ActiveCfg = Debug|Any CPU
		{78A80D49-F849-4F6D-9B96-28CAC431C383}.Debug|Any CPU.Build.0 = Debug|Any CPU
		{78A80D49-F849-4F6D-9B96-28CAC431C383}.Release|Any CPU.ActiveCfg = Release|Any CPU
		{78A80D49-F849-4F6D-9B96-28CAC431C383}.Release|Any CPU.Build.0 = Release|Any CPU
		{54BE5689-EC3A-4CD7-BE6F-97342B77F186}.Debug|Any CPU.ActiveCfg = Debug|Any CPU
		{54BE5689-EC3A-4CD7-BE6F-97342B77F186}.Debug|Any CPU.Build.0 = Debug|Any CPU
		{54BE5689-EC3A-4CD7-BE6F-97342B77F186}.Release|Any CPU.ActiveCfg = Release|Any CPU
		{54BE5689-EC3A-4CD7-BE6F-97342B77F186}.Release|Any CPU.Build.0 = Release|Any CPU
		{38A0585C-346F-4CF0-9A5F-2B41D165CD6D}.Debug|Any CPU.ActiveCfg = Debug|Any CPU
		{38A0585C-346F-4CF0-9A5F-2B41D165CD6D}.Debug|Any CPU.Build.0 = Debug|Any CPU
		{38A0585C-346F-4CF0-9A5F-2B41D165CD6D}.Release|Any CPU.ActiveCfg = Release|Any CPU
		{38A0585C-346F-4CF0-9A5F-2B41D165CD6D}.Release|Any CPU.Build.0 = Release|Any CPU
		{0DBC2DFE-93FF-44C2-A567-5C985AD159B7}.Debug|Any CPU.ActiveCfg = Debug|Any CPU
		{0DBC2DFE-93FF-44C2-A567-5C985AD159B7}.Debug|Any CPU.Build.0 = Debug|Any CPU
		{0DBC2DFE-93FF-44C2-A567-5C985AD159B7}.Release|Any CPU.ActiveCfg = Release|Any CPU
		{0DBC2DFE-93FF-44C2-A567-5C985AD159B7}.Release|Any CPU.Build.0 = Release|Any CPU
	EndGlobalSection
	GlobalSection(SolutionProperties) = preSolution
		HideSolutionNode = FALSE
	EndGlobalSection
	GlobalSection(ExtensibilityGlobals) = postSolution
		SolutionGuid = {24FFB61A-A44D-445E-BDE5-BA864A00B6D0}
	EndGlobalSection
EndGlobal
